// !$*UTF8*$!
{
	archiveVersion = 1;
	classes = {
	};
	objectVersion = 46;
	objects = {

/* Begin PBXBuildFile section */
		E501526513144EB5007959F5 /* SlotDataSource.m in Sources */ = {isa = PBXBuildFile; fileRef = E5015259131306E4007959F5 /* SlotDataSource.m */; };
		E50152681315A26B007959F5 /* SlotTable.m in Sources */ = {isa = PBXBuildFile; fileRef = E50152671315A25D007959F5 /* SlotTable.m */; };
		E50A382312E21165007C2101 /* UIKit.framework in Frameworks */ = {isa = PBXBuildFile; fileRef = E50A380312E21164007C2101 /* UIKit.framework */; };
		E50A382412E21165007C2101 /* Foundation.framework in Frameworks */ = {isa = PBXBuildFile; fileRef = E50A380512E21164007C2101 /* Foundation.framework */; };
		E50A382512E21165007C2101 /* CoreGraphics.framework in Frameworks */ = {isa = PBXBuildFile; fileRef = E50A380712E21164007C2101 /* CoreGraphics.framework */; };
		E50A382912E21165007C2101 /* InfoPlist.strings in Resources */ = {isa = PBXBuildFile; fileRef = E50A382812E21165007C2101 /* InfoPlist.strings */; };
		E50A382B12E21165007C2101 /* HarkPadTests.h in Resources */ = {isa = PBXBuildFile; fileRef = E50A382A12E21165007C2101 /* HarkPadTests.h */; };
		E50A382D12E21165007C2101 /* HarkPadTests.m in Sources */ = {isa = PBXBuildFile; fileRef = E50A382C12E21165007C2101 /* HarkPadTests.m */; };
		E5AC3D75132256410090F743 /* PaymentViewController.m in Sources */ = {isa = PBXBuildFile; fileRef = E5AC3D7013224CDC0090F743 /* PaymentViewController.m */; };
		E5AC3D76132256470090F743 /* PaymentViewController.xib in Resources */ = {isa = PBXBuildFile; fileRef = E5AC3D7113224CDD0090F743 /* PaymentViewController.xib */; };
		E5AC3D79132263870090F743 /* InvoiceDataSource.m in Sources */ = {isa = PBXBuildFile; fileRef = E5AC3D78132263830090F743 /* InvoiceDataSource.m */; };
		E5DFC3C51318E9AC005E1FA3 /* calendar.png in Resources */ = {isa = PBXBuildFile; fileRef = E5DFC3C41318E9AC005E1FA3 /* calendar.png */; };
		E5DFC3C91318F083005E1FA3 /* koksmuts.png in Resources */ = {isa = PBXBuildFile; fileRef = E5DFC3C81318F083005E1FA3 /* koksmuts.png */; };
		E5DFC3CC13190A69005E1FA3 /* KitchenStatistics.m in Sources */ = {isa = PBXBuildFile; fileRef = E5DFC3CB13190A69005E1FA3 /* KitchenStatistics.m */; };
		E5E722F51311A12C00905959 /* HarkPad-main.m in Sources */ = {isa = PBXBuildFile; fileRef = E50A380E12E21164007C2101 /* HarkPad-main.m */; };
		E5E722F61311A12C00905959 /* HarkPadAppDelegate.m in Sources */ = {isa = PBXBuildFile; fileRef = E50A384512E234B8007C2101 /* HarkPadAppDelegate.m */; };
		E5E722F71311A12C00905959 /* NewOrderVC.m in Sources */ = {isa = PBXBuildFile; fileRef = E50A384B12E234B8007C2101 /* NewOrderVC.m */; };
		E5E722F81311A12C00905959 /* OrderLineDetailViewController.m in Sources */ = {isa = PBXBuildFile; fileRef = E50A385012E234B8007C2101 /* OrderLineDetailViewController.m */; };
		E5E722F91311A12C00905959 /* PropertyOptionViewController.m in Sources */ = {isa = PBXBuildFile; fileRef = E50A385912E234B8007C2101 /* PropertyOptionViewController.m */; };
		E5E722FA1311A12C00905959 /* TablePopupMenu.m in Sources */ = {isa = PBXBuildFile; fileRef = E50A385F12E234B8007C2101 /* TablePopupMenu.m */; };
		E5E722FB1311A12C00905959 /* TableMapViewController.m in Sources */ = {isa = PBXBuildFile; fileRef = E50A386212E234B8007C2101 /* TableMapViewController.m */; };
		E5E722FC1311A12C00905959 /* Cache.m in Sources */ = {isa = PBXBuildFile; fileRef = E50A386612E234B8007C2101 /* Cache.m */; };
		E5E722FD1311A12C00905959 /* District.m in Sources */ = {isa = PBXBuildFile; fileRef = E50A386A12E234B8007C2101 /* District.m */; };
		E5E722FE1311A12C00905959 /* DragNode.m in Sources */ = {isa = PBXBuildFile; fileRef = E50A386C12E234B8007C2101 /* DragNode.m */; };
		E5E722FF1311A12C00905959 /* GridCell.m in Sources */ = {isa = PBXBuildFile; fileRef = E50A386E12E234B8007C2101 /* GridCell.m */; };
		E5E723001311A12C00905959 /* Map.m in Sources */ = {isa = PBXBuildFile; fileRef = E50A387012E234B8007C2101 /* Map.m */; };
		E5E723011311A12C00905959 /* MenuCard.m in Sources */ = {isa = PBXBuildFile; fileRef = E50A387212E234B8007C2101 /* MenuCard.m */; };
		E5E723021311A12C00905959 /* Order.m in Sources */ = {isa = PBXBuildFile; fileRef = E50A387512E234B8007C2101 /* Order.m */; };
		E5E723031311A12C00905959 /* OrderGridHitInfo.m in Sources */ = {isa = PBXBuildFile; fileRef = E50A387912E234B8007C2101 /* OrderGridHitInfo.m */; };
		E5E723041311A12C00905959 /* OrderInfo.m in Sources */ = {isa = PBXBuildFile; fileRef = E50A387B12E234B8007C2101 /* OrderInfo.m */; };
		E5E723051311A12C00905959 /* OrderLine.m in Sources */ = {isa = PBXBuildFile; fileRef = E50A387D12E234B8007C2101 /* OrderLine.m */; };
		E5E723061311A12C00905959 /* OrderLineProperty.m in Sources */ = {isa = PBXBuildFile; fileRef = E50A387F12E234B8007C2101 /* OrderLineProperty.m */; };
		E5E723071311A12C00905959 /* OrderLinePropertyValue.m in Sources */ = {isa = PBXBuildFile; fileRef = E50A388112E234B8007C2101 /* OrderLinePropertyValue.m */; };
		E5E723081311A12C00905959 /* Product.m in Sources */ = {isa = PBXBuildFile; fileRef = E50A388512E234B8007C2101 /* Product.m */; };
		E5E723091311A12C00905959 /* ProductCategory.m in Sources */ = {isa = PBXBuildFile; fileRef = E50A388712E234B8007C2101 /* ProductCategory.m */; };
		E5E7230A1311A12C00905959 /* Table.m in Sources */ = {isa = PBXBuildFile; fileRef = E50A388C12E234B8007C2101 /* Table.m */; };
		E5E7230B1311A12C00905959 /* CDataScanner.m in Sources */ = {isa = PBXBuildFile; fileRef = E50A389612E234B8007C2101 /* CDataScanner.m */; };
		E5E7230C1311A12C00905959 /* CExtensibleJSONDataSerializer.m in Sources */ = {isa = PBXBuildFile; fileRef = E50A389912E234B8007C2101 /* CExtensibleJSONDataSerializer.m */; };
		E5E7230D1311A12C00905959 /* CDataScanner_Extensions.m in Sources */ = {isa = PBXBuildFile; fileRef = E50A389C12E234B8007C2101 /* CDataScanner_Extensions.m */; };
		E5E7230E1311A12C00905959 /* NSCharacterSet_Extensions.m in Sources */ = {isa = PBXBuildFile; fileRef = E50A389E12E234B8007C2101 /* NSCharacterSet_Extensions.m */; };
		E5E7230F1311A12C00905959 /* NSDictionary_JSONExtensions.m in Sources */ = {isa = PBXBuildFile; fileRef = E50A38A012E234B8007C2101 /* NSDictionary_JSONExtensions.m */; };
		E5E723101311A12C00905959 /* NSScanner_Extensions.m in Sources */ = {isa = PBXBuildFile; fileRef = E50A38A212E234B8007C2101 /* NSScanner_Extensions.m */; };
		E5E723111311A12C00905959 /* CJSONDataSerializer.m in Sources */ = {isa = PBXBuildFile; fileRef = E50A38A512E234B8007C2101 /* CJSONDataSerializer.m */; };
		E5E723121311A12C00905959 /* CJSONDeserializer.m in Sources */ = {isa = PBXBuildFile; fileRef = E50A38A712E234B8007C2101 /* CJSONDeserializer.m */; };
		E5E723131311A12C00905959 /* CJSONScanner.m in Sources */ = {isa = PBXBuildFile; fileRef = E50A38A912E234B8007C2101 /* CJSONScanner.m */; };
		E5E723141311A12C00905959 /* CJSONSerializer.m in Sources */ = {isa = PBXBuildFile; fileRef = E50A38AB12E234B8007C2101 /* CJSONSerializer.m */; };
		E5E723151311A12C00905959 /* CSerializedJSONData.m in Sources */ = {isa = PBXBuildFile; fileRef = E50A38AD12E234B8007C2101 /* CSerializedJSONData.m */; };
		E5E723161311A12C00905959 /* CourseProgress.m in Sources */ = {isa = PBXBuildFile; fileRef = E50A38B012E234B8007C2101 /* CourseProgress.m */; };
		E5E723171311A12C00905959 /* NewOrderView.m in Sources */ = {isa = PBXBuildFile; fileRef = E50A38B212E234B8007C2101 /* NewOrderView.m */; };
		E5E723181311A12C00905959 /* OrderGridView.m in Sources */ = {isa = PBXBuildFile; fileRef = E50A38B412E234B8007C2101 /* OrderGridView.m */; };
		E5E723191311A12C00905959 /* OrderLineCell.m in Sources */ = {isa = PBXBuildFile; fileRef = E50A38B612E234B8007C2101 /* OrderLineCell.m */; };
		E5E7231A1311A12C00905959 /* OrderTableCell.m in Sources */ = {isa = PBXBuildFile; fileRef = E50A38B912E234B8007C2101 /* OrderTableCell.m */; };
		E5E7231B1311A12C00905959 /* OrderTableView.m in Sources */ = {isa = PBXBuildFile; fileRef = E50A38BB12E234B8007C2101 /* OrderTableView.m */; };
		E5E7231C1311A12C00905959 /* ProductPanelView.m in Sources */ = {isa = PBXBuildFile; fileRef = E50A38BD12E234B8007C2101 /* ProductPanelView.m */; };
		E5E7231D1311A12C00905959 /* Splitter.m in Sources */ = {isa = PBXBuildFile; fileRef = E50A38BF12E234B8007C2101 /* Splitter.m */; };
		E5E7231E1311A12C00905959 /* TableButton.m in Sources */ = {isa = PBXBuildFile; fileRef = E50A38C112E234B8007C2101 /* TableButton.m */; };
		E5E7231F1311A12C00905959 /* TableInfoView.m in Sources */ = {isa = PBXBuildFile; fileRef = E50A38C312E234B8007C2101 /* TableInfoView.m */; };
		E5E723201311A12C00905959 /* Utils.m in Sources */ = {isa = PBXBuildFile; fileRef = E50A390A12E236A7007C2101 /* Utils.m */; };
		E5E723211311A12C00905959 /* TreeNode.m in Sources */ = {isa = PBXBuildFile; fileRef = E50A390D12E236BE007C2101 /* TreeNode.m */; };
		E5E723221311A12C00905959 /* Menu.m in Sources */ = {isa = PBXBuildFile; fileRef = E50A391012E23715007C2101 /* Menu.m */; };
		E5E723231311A12C00905959 /* Service.m in Sources */ = {isa = PBXBuildFile; fileRef = E50A391412E23A43007C2101 /* Service.m */; };
		E5E723241311A12C00905959 /* TestService.m in Sources */ = {isa = PBXBuildFile; fileRef = E50A391712E23A43007C2101 /* TestService.m */; };
		E5E723251311A12C00905959 /* MenuItem.m in Sources */ = {isa = PBXBuildFile; fileRef = E50A391B12E23E19007C2101 /* MenuItem.m */; };
		E5E723261311A12C00905959 /* ModalAlert.m in Sources */ = {isa = PBXBuildFile; fileRef = E50A391D12E23E19007C2101 /* ModalAlert.m */; };
		E5E723271311A12C00905959 /* ProductSymbol.m in Sources */ = {isa = PBXBuildFile; fileRef = E5557D2D12EC56C500CA547D /* ProductSymbol.m */; };
		E5E723281311A12C00905959 /* Course.m in Sources */ = {isa = PBXBuildFile; fileRef = E534F41A12F3418F006886C6 /* Course.m */; };
		E5E723291311A12C00905959 /* Guest.m in Sources */ = {isa = PBXBuildFile; fileRef = E534F42112F34214006886C6 /* Guest.m */; };
		E5E7232A1311A12C00905959 /* SeatInfo.m in Sources */ = {isa = PBXBuildFile; fileRef = E534F42412F46231006886C6 /* SeatInfo.m */; };
		E5E7232B1311A12C00905959 /* Reservation.m in Sources */ = {isa = PBXBuildFile; fileRef = E555BD3613081DC10097EB0A /* Reservation.m */; };
		E5E7232C1311A12C00905959 /* ReservationsTableViewController.m in Sources */ = {isa = PBXBuildFile; fileRef = E555BD3A130821FC0097EB0A /* ReservationsTableViewController.m */; };
		E5E7232D1311A12C00905959 /* ReservationTableCell.m in Sources */ = {isa = PBXBuildFile; fileRef = E5E377B11309C4A100F93319 /* ReservationTableCell.m */; };
		E5E7232E1311A12C00905959 /* Slot.m in Sources */ = {isa = PBXBuildFile; fileRef = E5E722E613116DFB00905959 /* Slot.m */; };
		E5E7232F1311A12C00905959 /* ChefViewController.m in Sources */ = {isa = PBXBuildFile; fileRef = E5E722EF13118B3900905959 /* ChefViewController.m */; };
		E5E723311311A12C00905959 /* QuartzCore.framework in Frameworks */ = {isa = PBXBuildFile; fileRef = E542E59212E2405700BD434C /* QuartzCore.framework */; };
		E5E723321311A12C00905959 /* UIKit.framework in Frameworks */ = {isa = PBXBuildFile; fileRef = E50A380312E21164007C2101 /* UIKit.framework */; };
		E5E723331311A12C00905959 /* Foundation.framework in Frameworks */ = {isa = PBXBuildFile; fileRef = E50A380512E21164007C2101 /* Foundation.framework */; };
		E5E723341311A12C00905959 /* CoreGraphics.framework in Frameworks */ = {isa = PBXBuildFile; fileRef = E50A380712E21164007C2101 /* CoreGraphics.framework */; };
		E5E723361311A12C00905959 /* InfoPlist.strings in Resources */ = {isa = PBXBuildFile; fileRef = E50A380B12E21164007C2101 /* InfoPlist.strings */; };
		E5E723371311A12C00905959 /* MainWindow.xib in Resources */ = {isa = PBXBuildFile; fileRef = E50A381312E21164007C2101 /* MainWindow.xib */; };
		E5E723381311A12C00905959 /* iTunesArtwork72.png in Resources */ = {isa = PBXBuildFile; fileRef = E50A383E12E2193F007C2101 /* iTunesArtwork72.png */; };
		E5E723391311A12C00905959 /* NewOrderVC.xib in Resources */ = {isa = PBXBuildFile; fileRef = E50A384C12E234B8007C2101 /* NewOrderVC.xib */; };
		E5E7233A1311A12C00905959 /* OrderLineDetailViewController.xib in Resources */ = {isa = PBXBuildFile; fileRef = E50A385112E234B8007C2101 /* OrderLineDetailViewController.xib */; };
		E5E7233B1311A12C00905959 /* TableMapViewController.xib in Resources */ = {isa = PBXBuildFile; fileRef = E50A386312E234B8007C2101 /* TableMapViewController.xib */; };
		E5E7233C1311A12C00905959 /* readme in Resources */ = {isa = PBXBuildFile; fileRef = E50A388812E234B8007C2101 /* readme */; };
		E5E7233D1311A12C00905959 /* food.png in Resources */ = {isa = PBXBuildFile; fileRef = E50A388F12E234B8007C2101 /* food.png */; };
		E5E7233E1311A12C00905959 /* fork-and-knife.png in Resources */ = {isa = PBXBuildFile; fileRef = E50A389012E234B8007C2101 /* fork-and-knife.png */; };
		E5E7233F1311A12C00905959 /* martini.png in Resources */ = {isa = PBXBuildFile; fileRef = E50A389112E234B8007C2101 /* martini.png */; };
		E5E723401311A12C00905959 /* wine-bottle.png in Resources */ = {isa = PBXBuildFile; fileRef = E50A389212E234B8007C2101 /* wine-bottle.png */; };
		E5E723411311A12C00905959 /* wine-glass.png in Resources */ = {isa = PBXBuildFile; fileRef = E50A389312E234B8007C2101 /* wine-glass.png */; };
		E5E723421311A12C00905959 /* OrderLineCell.xib in Resources */ = {isa = PBXBuildFile; fileRef = E50A38B712E234B8007C2101 /* OrderLineCell.xib */; };
		E5E723431311A12C00905959 /* TableInfoView.xib in Resources */ = {isa = PBXBuildFile; fileRef = E50A38C412E234B8007C2101 /* TableInfoView.xib */; };
		E5E723441311A12C00905959 /* group.png in Resources */ = {isa = PBXBuildFile; fileRef = E5C315EF12E381580044948F /* group.png */; };
		E5E723451311A12C00905959 /* star.png in Resources */ = {isa = PBXBuildFile; fileRef = E5D8DE3C12EADCEC00F4784B /* star.png */; };
		E5E723461311A12C00905959 /* ReservationTableCell.xib in Resources */ = {isa = PBXBuildFile; fileRef = E5E377B31309C4D000F93319 /* ReservationTableCell.xib */; };
		E5E723471311A12C00905959 /* nl.png in Resources */ = {isa = PBXBuildFile; fileRef = E5F0648E130D4F260037816B /* nl.png */; };
		E5E723481311A12C00905959 /* de.png in Resources */ = {isa = PBXBuildFile; fileRef = E5F06490130D4F7C0037816B /* de.png */; };
		E5E723491311A12C00905959 /* fr.png in Resources */ = {isa = PBXBuildFile; fileRef = E5F06492130D4F8A0037816B /* fr.png */; };
		E5E7234A1311A12C00905959 /* es.png in Resources */ = {isa = PBXBuildFile; fileRef = E5F06494130D4FB20037816B /* es.png */; };
		E5E7234B1311A12C00905959 /* it.png in Resources */ = {isa = PBXBuildFile; fileRef = E5F06496130D4FC50037816B /* it.png */; };
		E5E7234C1311A12C00905959 /* Default-Portrait~ipad.png in Resources */ = {isa = PBXBuildFile; fileRef = E5F3D115131009BC00753E36 /* Default-Portrait~ipad.png */; };
		E5E7234D1311A12C00905959 /* Default-Landscape~ipad.png in Resources */ = {isa = PBXBuildFile; fileRef = E5F3D11713100AC600753E36 /* Default-Landscape~ipad.png */; };
		E5E7234E1311A12C00905959 /* ChefViewController.xib in Resources */ = {isa = PBXBuildFile; fileRef = E5E722F013118B3D00905959 /* ChefViewController.xib */; };
/* End PBXBuildFile section */

/* Begin PBXFileReference section */
		E5015258131306E4007959F5 /* SlotDataSource.h */ = {isa = PBXFileReference; fileEncoding = 4; lastKnownFileType = sourcecode.c.h; path = SlotDataSource.h; sourceTree = "<group>"; };
		E5015259131306E4007959F5 /* SlotDataSource.m */ = {isa = PBXFileReference; fileEncoding = 4; lastKnownFileType = sourcecode.c.objc; path = SlotDataSource.m; sourceTree = "<group>"; };
		E50152661315A25A007959F5 /* SlotTable.h */ = {isa = PBXFileReference; fileEncoding = 4; lastKnownFileType = sourcecode.c.h; path = SlotTable.h; sourceTree = "<group>"; };
		E50152671315A25D007959F5 /* SlotTable.m */ = {isa = PBXFileReference; fileEncoding = 4; lastKnownFileType = sourcecode.c.objc; path = SlotTable.m; sourceTree = "<group>"; };
		E50A380312E21164007C2101 /* UIKit.framework */ = {isa = PBXFileReference; lastKnownFileType = wrapper.framework; name = UIKit.framework; path = System/Library/Frameworks/UIKit.framework; sourceTree = SDKROOT; };
		E50A380512E21164007C2101 /* Foundation.framework */ = {isa = PBXFileReference; lastKnownFileType = wrapper.framework; name = Foundation.framework; path = System/Library/Frameworks/Foundation.framework; sourceTree = SDKROOT; };
		E50A380712E21164007C2101 /* CoreGraphics.framework */ = {isa = PBXFileReference; lastKnownFileType = wrapper.framework; name = CoreGraphics.framework; path = System/Library/Frameworks/CoreGraphics.framework; sourceTree = SDKROOT; };
		E50A380912E21164007C2101 /* HarkPad-Info.plist */ = {isa = PBXFileReference; lastKnownFileType = text.plist.xml; path = "HarkPad-Info.plist"; sourceTree = "<group>"; };
		E50A380A12E21164007C2101 /* HarkPad-Prefix.pch */ = {isa = PBXFileReference; lastKnownFileType = sourcecode.c.h; path = "HarkPad-Prefix.pch"; sourceTree = "<group>"; };
		E50A380C12E21164007C2101 /* en */ = {isa = PBXFileReference; lastKnownFileType = text.plist.strings; name = en; path = en.lproj/InfoPlist.strings; sourceTree = "<group>"; };
		E50A380E12E21164007C2101 /* HarkPad-main.m */ = {isa = PBXFileReference; lastKnownFileType = sourcecode.c.objc; path = "HarkPad-main.m"; sourceTree = "<group>"; };
		E50A381412E21164007C2101 /* en */ = {isa = PBXFileReference; lastKnownFileType = file.xib; name = en; path = en.lproj/MainWindow.xib; sourceTree = "<group>"; };
		E50A382212E21165007C2101 /* HarkPadTests.octest */ = {isa = PBXFileReference; explicitFileType = wrapper.cfbundle; includeInIndex = 0; path = HarkPadTests.octest; sourceTree = BUILT_PRODUCTS_DIR; };
		E50A382612E21165007C2101 /* HarkPadTests-Info.plist */ = {isa = PBXFileReference; lastKnownFileType = text.plist.xml; path = "HarkPadTests-Info.plist"; sourceTree = "<group>"; };
		E50A382712E21165007C2101 /* HarkPadTests-Prefix.pch */ = {isa = PBXFileReference; lastKnownFileType = sourcecode.c.h; path = "HarkPadTests-Prefix.pch"; sourceTree = "<group>"; };
		E50A382812E21165007C2101 /* InfoPlist.strings */ = {isa = PBXFileReference; lastKnownFileType = text.plist.strings; name = InfoPlist.strings; path = en.lproj/HarkPadTests/InfoPlist.strings; sourceTree = "<group>"; };
		E50A382A12E21165007C2101 /* HarkPadTests.h */ = {isa = PBXFileReference; lastKnownFileType = sourcecode.c.h; path = HarkPadTests.h; sourceTree = "<group>"; };
		E50A382C12E21165007C2101 /* HarkPadTests.m */ = {isa = PBXFileReference; lastKnownFileType = sourcecode.c.objc; path = HarkPadTests.m; sourceTree = "<group>"; };
		E50A383E12E2193F007C2101 /* iTunesArtwork72.png */ = {isa = PBXFileReference; lastKnownFileType = image.png; name = iTunesArtwork72.png; path = ../../../iTunesArtwork72.png; sourceTree = "<group>"; };
		E50A384412E234B8007C2101 /* HarkPadAppDelegate.h */ = {isa = PBXFileReference; fileEncoding = 4; lastKnownFileType = sourcecode.c.h; path = HarkPadAppDelegate.h; sourceTree = "<group>"; };
		E50A384512E234B8007C2101 /* HarkPadAppDelegate.m */ = {isa = PBXFileReference; fileEncoding = 4; lastKnownFileType = sourcecode.c.objc; path = HarkPadAppDelegate.m; sourceTree = "<group>"; };
		E50A384A12E234B8007C2101 /* NewOrderVC.h */ = {isa = PBXFileReference; fileEncoding = 4; lastKnownFileType = sourcecode.c.h; path = NewOrderVC.h; sourceTree = "<group>"; };
		E50A384B12E234B8007C2101 /* NewOrderVC.m */ = {isa = PBXFileReference; fileEncoding = 4; lastKnownFileType = sourcecode.c.objc; path = NewOrderVC.m; sourceTree = "<group>"; };
		E50A384C12E234B8007C2101 /* NewOrderVC.xib */ = {isa = PBXFileReference; fileEncoding = 4; lastKnownFileType = file.xib; path = NewOrderVC.xib; sourceTree = "<group>"; };
		E50A384F12E234B8007C2101 /* OrderLineDetailViewController.h */ = {isa = PBXFileReference; fileEncoding = 4; lastKnownFileType = sourcecode.c.h; path = OrderLineDetailViewController.h; sourceTree = "<group>"; };
		E50A385012E234B8007C2101 /* OrderLineDetailViewController.m */ = {isa = PBXFileReference; fileEncoding = 4; lastKnownFileType = sourcecode.c.objc; path = OrderLineDetailViewController.m; sourceTree = "<group>"; };
		E50A385112E234B8007C2101 /* OrderLineDetailViewController.xib */ = {isa = PBXFileReference; fileEncoding = 4; lastKnownFileType = file.xib; path = OrderLineDetailViewController.xib; sourceTree = "<group>"; };
		E50A385812E234B8007C2101 /* PropertyOptionViewController.h */ = {isa = PBXFileReference; fileEncoding = 4; lastKnownFileType = sourcecode.c.h; path = PropertyOptionViewController.h; sourceTree = "<group>"; };
		E50A385912E234B8007C2101 /* PropertyOptionViewController.m */ = {isa = PBXFileReference; fileEncoding = 4; lastKnownFileType = sourcecode.c.objc; path = PropertyOptionViewController.m; sourceTree = "<group>"; };
		E50A385E12E234B8007C2101 /* TablePopupMenu.h */ = {isa = PBXFileReference; fileEncoding = 4; lastKnownFileType = sourcecode.c.h; path = TablePopupMenu.h; sourceTree = "<group>"; };
		E50A385F12E234B8007C2101 /* TablePopupMenu.m */ = {isa = PBXFileReference; fileEncoding = 4; lastKnownFileType = sourcecode.c.objc; path = TablePopupMenu.m; sourceTree = "<group>"; };
		E50A386112E234B8007C2101 /* TableMapViewController.h */ = {isa = PBXFileReference; fileEncoding = 4; lastKnownFileType = sourcecode.c.h; path = TableMapViewController.h; sourceTree = "<group>"; };
		E50A386212E234B8007C2101 /* TableMapViewController.m */ = {isa = PBXFileReference; fileEncoding = 4; lastKnownFileType = sourcecode.c.objc; path = TableMapViewController.m; sourceTree = "<group>"; };
		E50A386312E234B8007C2101 /* TableMapViewController.xib */ = {isa = PBXFileReference; fileEncoding = 4; lastKnownFileType = file.xib; path = TableMapViewController.xib; sourceTree = "<group>"; };
		E50A386512E234B8007C2101 /* Cache.h */ = {isa = PBXFileReference; fileEncoding = 4; lastKnownFileType = sourcecode.c.h; path = Cache.h; sourceTree = "<group>"; };
		E50A386612E234B8007C2101 /* Cache.m */ = {isa = PBXFileReference; fileEncoding = 4; lastKnownFileType = sourcecode.c.objc; path = Cache.m; sourceTree = "<group>"; };
		E50A386912E234B8007C2101 /* District.h */ = {isa = PBXFileReference; fileEncoding = 4; lastKnownFileType = sourcecode.c.h; path = District.h; sourceTree = "<group>"; };
		E50A386A12E234B8007C2101 /* District.m */ = {isa = PBXFileReference; fileEncoding = 4; lastKnownFileType = sourcecode.c.objc; path = District.m; sourceTree = "<group>"; };
		E50A386B12E234B8007C2101 /* DragNode.h */ = {isa = PBXFileReference; fileEncoding = 4; lastKnownFileType = sourcecode.c.h; path = DragNode.h; sourceTree = "<group>"; };
		E50A386C12E234B8007C2101 /* DragNode.m */ = {isa = PBXFileReference; fileEncoding = 4; lastKnownFileType = sourcecode.c.objc; path = DragNode.m; sourceTree = "<group>"; };
		E50A386D12E234B8007C2101 /* GridCell.h */ = {isa = PBXFileReference; fileEncoding = 4; lastKnownFileType = sourcecode.c.h; path = GridCell.h; sourceTree = "<group>"; };
		E50A386E12E234B8007C2101 /* GridCell.m */ = {isa = PBXFileReference; fileEncoding = 4; lastKnownFileType = sourcecode.c.objc; path = GridCell.m; sourceTree = "<group>"; };
		E50A386F12E234B8007C2101 /* Map.h */ = {isa = PBXFileReference; fileEncoding = 4; lastKnownFileType = sourcecode.c.h; path = Map.h; sourceTree = "<group>"; };
		E50A387012E234B8007C2101 /* Map.m */ = {isa = PBXFileReference; fileEncoding = 4; lastKnownFileType = sourcecode.c.objc; path = Map.m; sourceTree = "<group>"; };
		E50A387112E234B8007C2101 /* MenuCard.h */ = {isa = PBXFileReference; fileEncoding = 4; lastKnownFileType = sourcecode.c.h; path = MenuCard.h; sourceTree = "<group>"; };
		E50A387212E234B8007C2101 /* MenuCard.m */ = {isa = PBXFileReference; fileEncoding = 4; lastKnownFileType = sourcecode.c.objc; path = MenuCard.m; sourceTree = "<group>"; };
		E50A387412E234B8007C2101 /* Order.h */ = {isa = PBXFileReference; fileEncoding = 4; lastKnownFileType = sourcecode.c.h; path = Order.h; sourceTree = "<group>"; };
		E50A387512E234B8007C2101 /* Order.m */ = {isa = PBXFileReference; fileEncoding = 4; lastKnownFileType = sourcecode.c.objc; path = Order.m; sourceTree = "<group>"; };
		E50A387812E234B8007C2101 /* OrderGridHitInfo.h */ = {isa = PBXFileReference; fileEncoding = 4; lastKnownFileType = sourcecode.c.h; path = OrderGridHitInfo.h; sourceTree = "<group>"; };
		E50A387912E234B8007C2101 /* OrderGridHitInfo.m */ = {isa = PBXFileReference; fileEncoding = 4; lastKnownFileType = sourcecode.c.objc; path = OrderGridHitInfo.m; sourceTree = "<group>"; };
		E50A387A12E234B8007C2101 /* OrderInfo.h */ = {isa = PBXFileReference; fileEncoding = 4; lastKnownFileType = sourcecode.c.h; path = OrderInfo.h; sourceTree = "<group>"; };
		E50A387B12E234B8007C2101 /* OrderInfo.m */ = {isa = PBXFileReference; fileEncoding = 4; lastKnownFileType = sourcecode.c.objc; path = OrderInfo.m; sourceTree = "<group>"; };
		E50A387C12E234B8007C2101 /* OrderLine.h */ = {isa = PBXFileReference; fileEncoding = 4; lastKnownFileType = sourcecode.c.h; path = OrderLine.h; sourceTree = "<group>"; };
		E50A387D12E234B8007C2101 /* OrderLine.m */ = {isa = PBXFileReference; fileEncoding = 4; lastKnownFileType = sourcecode.c.objc; path = OrderLine.m; sourceTree = "<group>"; };
		E50A387E12E234B8007C2101 /* OrderLineProperty.h */ = {isa = PBXFileReference; fileEncoding = 4; lastKnownFileType = sourcecode.c.h; path = OrderLineProperty.h; sourceTree = "<group>"; };
		E50A387F12E234B8007C2101 /* OrderLineProperty.m */ = {isa = PBXFileReference; fileEncoding = 4; lastKnownFileType = sourcecode.c.objc; path = OrderLineProperty.m; sourceTree = "<group>"; };
		E50A388012E234B8007C2101 /* OrderLinePropertyValue.h */ = {isa = PBXFileReference; fileEncoding = 4; lastKnownFileType = sourcecode.c.h; path = OrderLinePropertyValue.h; sourceTree = "<group>"; };
		E50A388112E234B8007C2101 /* OrderLinePropertyValue.m */ = {isa = PBXFileReference; fileEncoding = 4; lastKnownFileType = sourcecode.c.objc; path = OrderLinePropertyValue.m; sourceTree = "<group>"; };
		E50A388412E234B8007C2101 /* Product.h */ = {isa = PBXFileReference; fileEncoding = 4; lastKnownFileType = sourcecode.c.h; path = Product.h; sourceTree = "<group>"; };
		E50A388512E234B8007C2101 /* Product.m */ = {isa = PBXFileReference; fileEncoding = 4; lastKnownFileType = sourcecode.c.objc; path = Product.m; sourceTree = "<group>"; };
		E50A388612E234B8007C2101 /* ProductCategory.h */ = {isa = PBXFileReference; fileEncoding = 4; lastKnownFileType = sourcecode.c.h; path = ProductCategory.h; sourceTree = "<group>"; };
		E50A388712E234B8007C2101 /* ProductCategory.m */ = {isa = PBXFileReference; fileEncoding = 4; lastKnownFileType = sourcecode.c.objc; path = ProductCategory.m; sourceTree = "<group>"; };
		E50A388812E234B8007C2101 /* readme */ = {isa = PBXFileReference; fileEncoding = 4; lastKnownFileType = text; path = readme; sourceTree = "<group>"; };
		E50A388B12E234B8007C2101 /* Table.h */ = {isa = PBXFileReference; fileEncoding = 4; lastKnownFileType = sourcecode.c.h; path = Table.h; sourceTree = "<group>"; };
		E50A388C12E234B8007C2101 /* Table.m */ = {isa = PBXFileReference; fileEncoding = 4; lastKnownFileType = sourcecode.c.objc; path = Table.m; sourceTree = "<group>"; };
		E50A388F12E234B8007C2101 /* food.png */ = {isa = PBXFileReference; lastKnownFileType = image.png; path = food.png; sourceTree = "<group>"; };
		E50A389012E234B8007C2101 /* fork-and-knife.png */ = {isa = PBXFileReference; lastKnownFileType = image.png; path = "fork-and-knife.png"; sourceTree = "<group>"; };
		E50A389112E234B8007C2101 /* martini.png */ = {isa = PBXFileReference; lastKnownFileType = image.png; path = martini.png; sourceTree = "<group>"; };
		E50A389212E234B8007C2101 /* wine-bottle.png */ = {isa = PBXFileReference; lastKnownFileType = image.png; path = "wine-bottle.png"; sourceTree = "<group>"; };
		E50A389312E234B8007C2101 /* wine-glass.png */ = {isa = PBXFileReference; lastKnownFileType = image.png; path = "wine-glass.png"; sourceTree = "<group>"; };
		E50A389512E234B8007C2101 /* CDataScanner.h */ = {isa = PBXFileReference; fileEncoding = 4; lastKnownFileType = sourcecode.c.h; path = CDataScanner.h; sourceTree = "<group>"; };
		E50A389612E234B8007C2101 /* CDataScanner.m */ = {isa = PBXFileReference; fileEncoding = 4; lastKnownFileType = sourcecode.c.objc; path = CDataScanner.m; sourceTree = "<group>"; };
		E50A389812E234B8007C2101 /* CExtensibleJSONDataSerializer.h */ = {isa = PBXFileReference; fileEncoding = 4; lastKnownFileType = sourcecode.c.h; path = CExtensibleJSONDataSerializer.h; sourceTree = "<group>"; };
		E50A389912E234B8007C2101 /* CExtensibleJSONDataSerializer.m */ = {isa = PBXFileReference; fileEncoding = 4; lastKnownFileType = sourcecode.c.objc; path = CExtensibleJSONDataSerializer.m; sourceTree = "<group>"; };
		E50A389B12E234B8007C2101 /* CDataScanner_Extensions.h */ = {isa = PBXFileReference; fileEncoding = 4; lastKnownFileType = sourcecode.c.h; path = CDataScanner_Extensions.h; sourceTree = "<group>"; };
		E50A389C12E234B8007C2101 /* CDataScanner_Extensions.m */ = {isa = PBXFileReference; fileEncoding = 4; lastKnownFileType = sourcecode.c.objc; path = CDataScanner_Extensions.m; sourceTree = "<group>"; };
		E50A389D12E234B8007C2101 /* NSCharacterSet_Extensions.h */ = {isa = PBXFileReference; fileEncoding = 4; lastKnownFileType = sourcecode.c.h; path = NSCharacterSet_Extensions.h; sourceTree = "<group>"; };
		E50A389E12E234B8007C2101 /* NSCharacterSet_Extensions.m */ = {isa = PBXFileReference; fileEncoding = 4; lastKnownFileType = sourcecode.c.objc; path = NSCharacterSet_Extensions.m; sourceTree = "<group>"; };
		E50A389F12E234B8007C2101 /* NSDictionary_JSONExtensions.h */ = {isa = PBXFileReference; fileEncoding = 4; lastKnownFileType = sourcecode.c.h; path = NSDictionary_JSONExtensions.h; sourceTree = "<group>"; };
		E50A38A012E234B8007C2101 /* NSDictionary_JSONExtensions.m */ = {isa = PBXFileReference; fileEncoding = 4; lastKnownFileType = sourcecode.c.objc; path = NSDictionary_JSONExtensions.m; sourceTree = "<group>"; };
		E50A38A112E234B8007C2101 /* NSScanner_Extensions.h */ = {isa = PBXFileReference; fileEncoding = 4; lastKnownFileType = sourcecode.c.h; path = NSScanner_Extensions.h; sourceTree = "<group>"; };
		E50A38A212E234B8007C2101 /* NSScanner_Extensions.m */ = {isa = PBXFileReference; fileEncoding = 4; lastKnownFileType = sourcecode.c.objc; path = NSScanner_Extensions.m; sourceTree = "<group>"; };
		E50A38A412E234B8007C2101 /* CJSONDataSerializer.h */ = {isa = PBXFileReference; fileEncoding = 4; lastKnownFileType = sourcecode.c.h; path = CJSONDataSerializer.h; sourceTree = "<group>"; };
		E50A38A512E234B8007C2101 /* CJSONDataSerializer.m */ = {isa = PBXFileReference; fileEncoding = 4; lastKnownFileType = sourcecode.c.objc; path = CJSONDataSerializer.m; sourceTree = "<group>"; };
		E50A38A612E234B8007C2101 /* CJSONDeserializer.h */ = {isa = PBXFileReference; fileEncoding = 4; lastKnownFileType = sourcecode.c.h; path = CJSONDeserializer.h; sourceTree = "<group>"; };
		E50A38A712E234B8007C2101 /* CJSONDeserializer.m */ = {isa = PBXFileReference; fileEncoding = 4; lastKnownFileType = sourcecode.c.objc; path = CJSONDeserializer.m; sourceTree = "<group>"; };
		E50A38A812E234B8007C2101 /* CJSONScanner.h */ = {isa = PBXFileReference; fileEncoding = 4; lastKnownFileType = sourcecode.c.h; path = CJSONScanner.h; sourceTree = "<group>"; };
		E50A38A912E234B8007C2101 /* CJSONScanner.m */ = {isa = PBXFileReference; fileEncoding = 4; lastKnownFileType = sourcecode.c.objc; path = CJSONScanner.m; sourceTree = "<group>"; };
		E50A38AA12E234B8007C2101 /* CJSONSerializer.h */ = {isa = PBXFileReference; fileEncoding = 4; lastKnownFileType = sourcecode.c.h; path = CJSONSerializer.h; sourceTree = "<group>"; };
		E50A38AB12E234B8007C2101 /* CJSONSerializer.m */ = {isa = PBXFileReference; fileEncoding = 4; lastKnownFileType = sourcecode.c.objc; path = CJSONSerializer.m; sourceTree = "<group>"; };
		E50A38AC12E234B8007C2101 /* CSerializedJSONData.h */ = {isa = PBXFileReference; fileEncoding = 4; lastKnownFileType = sourcecode.c.h; path = CSerializedJSONData.h; sourceTree = "<group>"; };
		E50A38AD12E234B8007C2101 /* CSerializedJSONData.m */ = {isa = PBXFileReference; fileEncoding = 4; lastKnownFileType = sourcecode.c.objc; path = CSerializedJSONData.m; sourceTree = "<group>"; };
		E50A38AF12E234B8007C2101 /* CourseProgress.h */ = {isa = PBXFileReference; fileEncoding = 4; lastKnownFileType = sourcecode.c.h; path = CourseProgress.h; sourceTree = "<group>"; };
		E50A38B012E234B8007C2101 /* CourseProgress.m */ = {isa = PBXFileReference; fileEncoding = 4; lastKnownFileType = sourcecode.c.objc; path = CourseProgress.m; sourceTree = "<group>"; };
		E50A38B112E234B8007C2101 /* NewOrderView.h */ = {isa = PBXFileReference; fileEncoding = 4; lastKnownFileType = sourcecode.c.h; path = NewOrderView.h; sourceTree = "<group>"; };
		E50A38B212E234B8007C2101 /* NewOrderView.m */ = {isa = PBXFileReference; fileEncoding = 4; lastKnownFileType = sourcecode.c.objc; path = NewOrderView.m; sourceTree = "<group>"; };
		E50A38B312E234B8007C2101 /* OrderGridView.h */ = {isa = PBXFileReference; fileEncoding = 4; lastKnownFileType = sourcecode.c.h; path = OrderGridView.h; sourceTree = "<group>"; };
		E50A38B412E234B8007C2101 /* OrderGridView.m */ = {isa = PBXFileReference; fileEncoding = 4; lastKnownFileType = sourcecode.c.objc; path = OrderGridView.m; sourceTree = "<group>"; };
		E50A38B512E234B8007C2101 /* OrderLineCell.h */ = {isa = PBXFileReference; fileEncoding = 4; lastKnownFileType = sourcecode.c.h; path = OrderLineCell.h; sourceTree = "<group>"; };
		E50A38B612E234B8007C2101 /* OrderLineCell.m */ = {isa = PBXFileReference; fileEncoding = 4; lastKnownFileType = sourcecode.c.objc; path = OrderLineCell.m; sourceTree = "<group>"; };
		E50A38B712E234B8007C2101 /* OrderLineCell.xib */ = {isa = PBXFileReference; fileEncoding = 4; lastKnownFileType = file.xib; path = OrderLineCell.xib; sourceTree = "<group>"; };
		E50A38B812E234B8007C2101 /* OrderTableCell.h */ = {isa = PBXFileReference; fileEncoding = 4; lastKnownFileType = sourcecode.c.h; path = OrderTableCell.h; sourceTree = "<group>"; };
		E50A38B912E234B8007C2101 /* OrderTableCell.m */ = {isa = PBXFileReference; fileEncoding = 4; lastKnownFileType = sourcecode.c.objc; path = OrderTableCell.m; sourceTree = "<group>"; };
		E50A38BA12E234B8007C2101 /* OrderTableView.h */ = {isa = PBXFileReference; fileEncoding = 4; lastKnownFileType = sourcecode.c.h; path = OrderTableView.h; sourceTree = "<group>"; };
		E50A38BB12E234B8007C2101 /* OrderTableView.m */ = {isa = PBXFileReference; fileEncoding = 4; lastKnownFileType = sourcecode.c.objc; path = OrderTableView.m; sourceTree = "<group>"; };
		E50A38BC12E234B8007C2101 /* ProductPanelView.h */ = {isa = PBXFileReference; fileEncoding = 4; lastKnownFileType = sourcecode.c.h; path = ProductPanelView.h; sourceTree = "<group>"; };
		E50A38BD12E234B8007C2101 /* ProductPanelView.m */ = {isa = PBXFileReference; fileEncoding = 4; lastKnownFileType = sourcecode.c.objc; path = ProductPanelView.m; sourceTree = "<group>"; };
		E50A38BE12E234B8007C2101 /* Splitter.h */ = {isa = PBXFileReference; fileEncoding = 4; lastKnownFileType = sourcecode.c.h; path = Splitter.h; sourceTree = "<group>"; };
		E50A38BF12E234B8007C2101 /* Splitter.m */ = {isa = PBXFileReference; fileEncoding = 4; lastKnownFileType = sourcecode.c.objc; path = Splitter.m; sourceTree = "<group>"; };
		E50A38C012E234B8007C2101 /* TableButton.h */ = {isa = PBXFileReference; fileEncoding = 4; lastKnownFileType = sourcecode.c.h; path = TableButton.h; sourceTree = "<group>"; };
		E50A38C112E234B8007C2101 /* TableButton.m */ = {isa = PBXFileReference; fileEncoding = 4; lastKnownFileType = sourcecode.c.objc; path = TableButton.m; sourceTree = "<group>"; };
		E50A38C212E234B8007C2101 /* TableInfoView.h */ = {isa = PBXFileReference; fileEncoding = 4; lastKnownFileType = sourcecode.c.h; path = TableInfoView.h; sourceTree = "<group>"; };
		E50A38C312E234B8007C2101 /* TableInfoView.m */ = {isa = PBXFileReference; fileEncoding = 4; lastKnownFileType = sourcecode.c.objc; path = TableInfoView.m; sourceTree = "<group>"; };
		E50A38C412E234B8007C2101 /* TableInfoView.xib */ = {isa = PBXFileReference; fileEncoding = 4; lastKnownFileType = file.xib; path = TableInfoView.xib; sourceTree = "<group>"; };
		E50A390912E236A7007C2101 /* Utils.h */ = {isa = PBXFileReference; fileEncoding = 4; lastKnownFileType = sourcecode.c.h; path = Utils.h; sourceTree = "<group>"; };
		E50A390A12E236A7007C2101 /* Utils.m */ = {isa = PBXFileReference; fileEncoding = 4; lastKnownFileType = sourcecode.c.objc; path = Utils.m; sourceTree = "<group>"; };
		E50A390C12E236BE007C2101 /* TreeNode.h */ = {isa = PBXFileReference; fileEncoding = 4; lastKnownFileType = sourcecode.c.h; path = TreeNode.h; sourceTree = "<group>"; };
		E50A390D12E236BE007C2101 /* TreeNode.m */ = {isa = PBXFileReference; fileEncoding = 4; lastKnownFileType = sourcecode.c.objc; path = TreeNode.m; sourceTree = "<group>"; };
		E50A390F12E23715007C2101 /* Menu.h */ = {isa = PBXFileReference; fileEncoding = 4; lastKnownFileType = sourcecode.c.h; path = Menu.h; sourceTree = "<group>"; };
		E50A391012E23715007C2101 /* Menu.m */ = {isa = PBXFileReference; fileEncoding = 4; lastKnownFileType = sourcecode.c.objc; path = Menu.m; sourceTree = "<group>"; };
		E50A391312E23A43007C2101 /* Service.h */ = {isa = PBXFileReference; fileEncoding = 4; lastKnownFileType = sourcecode.c.h; path = Service.h; sourceTree = "<group>"; };
		E50A391412E23A43007C2101 /* Service.m */ = {isa = PBXFileReference; fileEncoding = 4; lastKnownFileType = sourcecode.c.objc; path = Service.m; sourceTree = "<group>"; };
		E50A391512E23A43007C2101 /* ServiceProtocol.h */ = {isa = PBXFileReference; fileEncoding = 4; lastKnownFileType = sourcecode.c.h; path = ServiceProtocol.h; sourceTree = "<group>"; };
		E50A391612E23A43007C2101 /* TestService.h */ = {isa = PBXFileReference; fileEncoding = 4; lastKnownFileType = sourcecode.c.h; path = TestService.h; sourceTree = "<group>"; };
		E50A391712E23A43007C2101 /* TestService.m */ = {isa = PBXFileReference; fileEncoding = 4; lastKnownFileType = sourcecode.c.objc; path = TestService.m; sourceTree = "<group>"; };
		E50A391A12E23E19007C2101 /* MenuItem.h */ = {isa = PBXFileReference; fileEncoding = 4; lastKnownFileType = sourcecode.c.h; path = MenuItem.h; sourceTree = "<group>"; };
		E50A391B12E23E19007C2101 /* MenuItem.m */ = {isa = PBXFileReference; fileEncoding = 4; lastKnownFileType = sourcecode.c.objc; path = MenuItem.m; sourceTree = "<group>"; };
		E50A391C12E23E19007C2101 /* ModalAlert.h */ = {isa = PBXFileReference; fileEncoding = 4; lastKnownFileType = sourcecode.c.h; name = ModalAlert.h; path = ../Models/ModalAlert.h; sourceTree = "<group>"; };
		E50A391D12E23E19007C2101 /* ModalAlert.m */ = {isa = PBXFileReference; fileEncoding = 4; lastKnownFileType = sourcecode.c.objc; name = ModalAlert.m; path = ../Models/ModalAlert.m; sourceTree = "<group>"; };
		E534F41912F3418F006886C6 /* Course.h */ = {isa = PBXFileReference; fileEncoding = 4; lastKnownFileType = sourcecode.c.h; path = Course.h; sourceTree = "<group>"; };
		E534F41A12F3418F006886C6 /* Course.m */ = {isa = PBXFileReference; fileEncoding = 4; lastKnownFileType = sourcecode.c.objc; path = Course.m; sourceTree = "<group>"; };
		E534F42012F34214006886C6 /* Guest.h */ = {isa = PBXFileReference; fileEncoding = 4; lastKnownFileType = sourcecode.c.h; path = Guest.h; sourceTree = "<group>"; };
		E534F42112F34214006886C6 /* Guest.m */ = {isa = PBXFileReference; fileEncoding = 4; lastKnownFileType = sourcecode.c.objc; path = Guest.m; sourceTree = "<group>"; };
		E534F42312F46231006886C6 /* SeatInfo.h */ = {isa = PBXFileReference; fileEncoding = 4; lastKnownFileType = sourcecode.c.h; path = SeatInfo.h; sourceTree = "<group>"; };
		E534F42412F46231006886C6 /* SeatInfo.m */ = {isa = PBXFileReference; fileEncoding = 4; lastKnownFileType = sourcecode.c.objc; path = SeatInfo.m; sourceTree = "<group>"; };
		E542E59212E2405700BD434C /* QuartzCore.framework */ = {isa = PBXFileReference; lastKnownFileType = wrapper.framework; name = QuartzCore.framework; path = System/Library/Frameworks/QuartzCore.framework; sourceTree = SDKROOT; };
		E5557D2C12EC56C500CA547D /* ProductSymbol.h */ = {isa = PBXFileReference; fileEncoding = 4; lastKnownFileType = sourcecode.c.h; path = ProductSymbol.h; sourceTree = "<group>"; };
		E5557D2D12EC56C500CA547D /* ProductSymbol.m */ = {isa = PBXFileReference; fileEncoding = 4; lastKnownFileType = sourcecode.c.objc; path = ProductSymbol.m; sourceTree = "<group>"; };
		E555BD3513081DC10097EB0A /* Reservation.h */ = {isa = PBXFileReference; fileEncoding = 4; lastKnownFileType = sourcecode.c.h; path = Reservation.h; sourceTree = "<group>"; };
		E555BD3613081DC10097EB0A /* Reservation.m */ = {isa = PBXFileReference; fileEncoding = 4; lastKnownFileType = sourcecode.c.objc; path = Reservation.m; sourceTree = "<group>"; };
		E555BD39130821FB0097EB0A /* ReservationsTableViewController.h */ = {isa = PBXFileReference; fileEncoding = 4; lastKnownFileType = sourcecode.c.h; path = ReservationsTableViewController.h; sourceTree = "<group>"; };
		E555BD3A130821FC0097EB0A /* ReservationsTableViewController.m */ = {isa = PBXFileReference; fileEncoding = 4; lastKnownFileType = sourcecode.c.objc; path = ReservationsTableViewController.m; sourceTree = "<group>"; };
		E5AC3D6F13224CDB0090F743 /* PaymentViewController.h */ = {isa = PBXFileReference; fileEncoding = 4; lastKnownFileType = sourcecode.c.h; path = PaymentViewController.h; sourceTree = "<group>"; };
		E5AC3D7013224CDC0090F743 /* PaymentViewController.m */ = {isa = PBXFileReference; fileEncoding = 4; lastKnownFileType = sourcecode.c.objc; path = PaymentViewController.m; sourceTree = "<group>"; };
		E5AC3D7113224CDD0090F743 /* PaymentViewController.xib */ = {isa = PBXFileReference; fileEncoding = 4; lastKnownFileType = file.xib; path = PaymentViewController.xib; sourceTree = "<group>"; };
		E5AC3D77132263820090F743 /* InvoiceDataSource.h */ = {isa = PBXFileReference; fileEncoding = 4; lastKnownFileType = sourcecode.c.h; path = InvoiceDataSource.h; sourceTree = "<group>"; };
		E5AC3D78132263830090F743 /* InvoiceDataSource.m */ = {isa = PBXFileReference; fileEncoding = 4; lastKnownFileType = sourcecode.c.objc; path = InvoiceDataSource.m; sourceTree = "<group>"; };
		E5C315EF12E381580044948F /* group.png */ = {isa = PBXFileReference; lastKnownFileType = image.png; path = group.png; sourceTree = "<group>"; };
		E5D8DE3C12EADCEC00F4784B /* star.png */ = {isa = PBXFileReference; lastKnownFileType = image.png; path = star.png; sourceTree = "<group>"; };
		E5DB12201307DEBC001B1681 /* EntityState.h */ = {isa = PBXFileReference; fileEncoding = 4; lastKnownFileType = sourcecode.c.h; path = EntityState.h; sourceTree = "<group>"; };
		E5DFC3C41318E9AC005E1FA3 /* calendar.png */ = {isa = PBXFileReference; lastKnownFileType = image.png; path = calendar.png; sourceTree = "<group>"; };
		E5DFC3C81318F083005E1FA3 /* koksmuts.png */ = {isa = PBXFileReference; lastKnownFileType = image.png; path = koksmuts.png; sourceTree = "<group>"; };
		E5DFC3CA13190A69005E1FA3 /* KitchenStatistics.h */ = {isa = PBXFileReference; fileEncoding = 4; lastKnownFileType = sourcecode.c.h; path = KitchenStatistics.h; sourceTree = "<group>"; };
		E5DFC3CB13190A69005E1FA3 /* KitchenStatistics.m */ = {isa = PBXFileReference; fileEncoding = 4; lastKnownFileType = sourcecode.c.objc; path = KitchenStatistics.m; sourceTree = "<group>"; };
		E5E377B01309C4A100F93319 /* ReservationTableCell.h */ = {isa = PBXFileReference; fileEncoding = 4; lastKnownFileType = sourcecode.c.h; path = ReservationTableCell.h; sourceTree = "<group>"; };
		E5E377B11309C4A100F93319 /* ReservationTableCell.m */ = {isa = PBXFileReference; fileEncoding = 4; lastKnownFileType = sourcecode.c.objc; path = ReservationTableCell.m; sourceTree = "<group>"; };
		E5E377B31309C4D000F93319 /* ReservationTableCell.xib */ = {isa = PBXFileReference; fileEncoding = 4; lastKnownFileType = file.xib; path = ReservationTableCell.xib; sourceTree = "<group>"; };
		E5E722E513116DFB00905959 /* Slot.h */ = {isa = PBXFileReference; fileEncoding = 4; lastKnownFileType = sourcecode.c.h; path = Slot.h; sourceTree = "<group>"; };
		E5E722E613116DFB00905959 /* Slot.m */ = {isa = PBXFileReference; fileEncoding = 4; lastKnownFileType = sourcecode.c.objc; path = Slot.m; sourceTree = "<group>"; };
		E5E722EE13118B3800905959 /* ChefViewController.h */ = {isa = PBXFileReference; fileEncoding = 4; lastKnownFileType = sourcecode.c.h; path = ChefViewController.h; sourceTree = "<group>"; };
		E5E722EF13118B3900905959 /* ChefViewController.m */ = {isa = PBXFileReference; fileEncoding = 4; lastKnownFileType = sourcecode.c.objc; path = ChefViewController.m; sourceTree = "<group>"; };
		E5E722F013118B3D00905959 /* ChefViewController.xib */ = {isa = PBXFileReference; fileEncoding = 4; lastKnownFileType = file.xib; path = ChefViewController.xib; sourceTree = "<group>"; };
		E5E723521311A12C00905959 /* HarkPad.app */ = {isa = PBXFileReference; explicitFileType = wrapper.application; includeInIndex = 0; path = HarkPad.app; sourceTree = BUILT_PRODUCTS_DIR; };
		E5F0648E130D4F260037816B /* nl.png */ = {isa = PBXFileReference; lastKnownFileType = image.png; path = nl.png; sourceTree = "<group>"; };
		E5F06490130D4F7C0037816B /* de.png */ = {isa = PBXFileReference; lastKnownFileType = image.png; path = de.png; sourceTree = "<group>"; };
		E5F06492130D4F8A0037816B /* fr.png */ = {isa = PBXFileReference; lastKnownFileType = image.png; path = fr.png; sourceTree = "<group>"; };
		E5F06494130D4FB20037816B /* es.png */ = {isa = PBXFileReference; lastKnownFileType = image.png; path = es.png; sourceTree = "<group>"; };
		E5F06496130D4FC50037816B /* it.png */ = {isa = PBXFileReference; lastKnownFileType = image.png; path = it.png; sourceTree = "<group>"; };
		E5F3D115131009BC00753E36 /* Default-Portrait~ipad.png */ = {isa = PBXFileReference; lastKnownFileType = image.png; path = "Default-Portrait~ipad.png"; sourceTree = "<group>"; };
		E5F3D11713100AC600753E36 /* Default-Landscape~ipad.png */ = {isa = PBXFileReference; lastKnownFileType = image.png; path = "Default-Landscape~ipad.png"; sourceTree = "<group>"; };
/* End PBXFileReference section */

/* Begin PBXFrameworksBuildPhase section */
		E50A381E12E21165007C2101 /* Frameworks */ = {
			isa = PBXFrameworksBuildPhase;
			buildActionMask = 2147483647;
			files = (
				E50A382312E21165007C2101 /* UIKit.framework in Frameworks */,
				E50A382412E21165007C2101 /* Foundation.framework in Frameworks */,
				E50A382512E21165007C2101 /* CoreGraphics.framework in Frameworks */,
			);
			runOnlyForDeploymentPostprocessing = 0;
		};
		E5E723301311A12C00905959 /* Frameworks */ = {
			isa = PBXFrameworksBuildPhase;
			buildActionMask = 2147483647;
			files = (
				E5E723311311A12C00905959 /* QuartzCore.framework in Frameworks */,
				E5E723321311A12C00905959 /* UIKit.framework in Frameworks */,
				E5E723331311A12C00905959 /* Foundation.framework in Frameworks */,
				E5E723341311A12C00905959 /* CoreGraphics.framework in Frameworks */,
			);
			runOnlyForDeploymentPostprocessing = 0;
		};
/* End PBXFrameworksBuildPhase section */

/* Begin PBXGroup section */
		E50A37F112E21163007C2101 = {
			isa = PBXGroup;
			children = (
				E5F3D11713100AC600753E36 /* Default-Landscape~ipad.png */,
				E5F3D115131009BC00753E36 /* Default-Portrait~ipad.png */,
				E50A384012E234B8007C2101 /* Classes */,
				E50A37F912E21164007C2101 /* Other Sources */,
				E50A37FA12E21164007C2101 /* Resources */,
				E50A37FB12E21164007C2101 /* Frameworks */,
				E50A380112E21164007C2101 /* Products */,
				E50A381C12E21165007C2101 /* Tests */,
			);
			sourceTree = "<group>";
		};
		E50A37F912E21164007C2101 /* Other Sources */ = {
			isa = PBXGroup;
			children = (
				E50A380A12E21164007C2101 /* HarkPad-Prefix.pch */,
				E50A380E12E21164007C2101 /* HarkPad-main.m */,
				E50A382712E21165007C2101 /* HarkPadTests-Prefix.pch */,
			);
			name = "Other Sources";
			sourceTree = "<group>";
		};
		E50A37FA12E21164007C2101 /* Resources */ = {
			isa = PBXGroup;
			children = (
				E50A380912E21164007C2101 /* HarkPad-Info.plist */,
				E50A380B12E21164007C2101 /* InfoPlist.strings */,
				E50A381312E21164007C2101 /* MainWindow.xib */,
				E50A382612E21165007C2101 /* HarkPadTests-Info.plist */,
				E50A382812E21165007C2101 /* InfoPlist.strings */,
			);
			name = Resources;
			sourceTree = "<group>";
		};
		E50A37FB12E21164007C2101 /* Frameworks */ = {
			isa = PBXGroup;
			children = (
				E542E59212E2405700BD434C /* QuartzCore.framework */,
				E50A380312E21164007C2101 /* UIKit.framework */,
				E50A380512E21164007C2101 /* Foundation.framework */,
				E50A380712E21164007C2101 /* CoreGraphics.framework */,
			);
			name = Frameworks;
			sourceTree = "<group>";
		};
		E50A380112E21164007C2101 /* Products */ = {
			isa = PBXGroup;
			children = (
				E50A382212E21165007C2101 /* HarkPadTests.octest */,
				E5E723521311A12C00905959 /* HarkPad.app */,
			);
			name = Products;
			sourceTree = "<group>";
		};
		E50A381C12E21165007C2101 /* Tests */ = {
			isa = PBXGroup;
			children = (
				E50A382A12E21165007C2101 /* HarkPadTests.h */,
				E50A382C12E21165007C2101 /* HarkPadTests.m */,
			);
			path = Tests;
			sourceTree = "<group>";
		};
		E50A384012E234B8007C2101 /* Classes */ = {
			isa = PBXGroup;
			children = (
				E50A391212E23A43007C2101 /* Service */,
				E50A390812E236A7007C2101 /* Utils */,
				E50A384112E234B8007C2101 /* AppDelegate */,
				E50A384612E234B8007C2101 /* Controllers */,
				E50A386412E234B8007C2101 /* Models */,
				E50A388D12E234B8007C2101 /* Resources */,
				E50A389412E234B8007C2101 /* TouchJson */,
				E50A38AE12E234B8007C2101 /* Views */,
			);
			path = Classes;
			sourceTree = "<group>";
		};
		E50A384112E234B8007C2101 /* AppDelegate */ = {
			isa = PBXGroup;
			children = (
				E50A384412E234B8007C2101 /* HarkPadAppDelegate.h */,
				E50A384512E234B8007C2101 /* HarkPadAppDelegate.m */,
			);
			path = AppDelegate;
			sourceTree = "<group>";
		};
		E50A384612E234B8007C2101 /* Controllers */ = {
			isa = PBXGroup;
			children = (
				E50A384912E234B8007C2101 /* Order */,
				E50A384F12E234B8007C2101 /* OrderLineDetailViewController.h */,
				E50A385012E234B8007C2101 /* OrderLineDetailViewController.m */,
				E50A385112E234B8007C2101 /* OrderLineDetailViewController.xib */,
				E50A385812E234B8007C2101 /* PropertyOptionViewController.h */,
				E50A385912E234B8007C2101 /* PropertyOptionViewController.m */,
				E50A385E12E234B8007C2101 /* TablePopupMenu.h */,
				E50A385F12E234B8007C2101 /* TablePopupMenu.m */,
				E50A386012E234B8007C2101 /* Tables */,
				E555BD39130821FB0097EB0A /* ReservationsTableViewController.h */,
				E555BD3A130821FC0097EB0A /* ReservationsTableViewController.m */,
				E5E722EE13118B3800905959 /* ChefViewController.h */,
				E5E722EF13118B3900905959 /* ChefViewController.m */,
				E5E722F013118B3D00905959 /* ChefViewController.xib */,
				E5AC3D6F13224CDB0090F743 /* PaymentViewController.h */,
				E5AC3D7013224CDC0090F743 /* PaymentViewController.m */,
				E5AC3D7113224CDD0090F743 /* PaymentViewController.xib */,
			);
			path = Controllers;
			sourceTree = "<group>";
		};
		E50A384912E234B8007C2101 /* Order */ = {
			isa = PBXGroup;
			children = (
				E50A384A12E234B8007C2101 /* NewOrderVC.h */,
				E50A384B12E234B8007C2101 /* NewOrderVC.m */,
				E50A384C12E234B8007C2101 /* NewOrderVC.xib */,
			);
			path = Order;
			sourceTree = "<group>";
		};
		E50A386012E234B8007C2101 /* Tables */ = {
			isa = PBXGroup;
			children = (
				E50A386112E234B8007C2101 /* TableMapViewController.h */,
				E50A386212E234B8007C2101 /* TableMapViewController.m */,
				E50A386312E234B8007C2101 /* TableMapViewController.xib */,
			);
			path = Tables;
			sourceTree = "<group>";
		};
		E50A386412E234B8007C2101 /* Models */ = {
			isa = PBXGroup;
			children = (
				E50A391A12E23E19007C2101 /* MenuItem.h */,
				E50A391B12E23E19007C2101 /* MenuItem.m */,
				E50A386612E234B8007C2101 /* Cache.m */,
				E50A386512E234B8007C2101 /* Cache.h */,
				E50A386912E234B8007C2101 /* District.h */,
				E50A386A12E234B8007C2101 /* District.m */,
				E50A386B12E234B8007C2101 /* DragNode.h */,
				E50A386C12E234B8007C2101 /* DragNode.m */,
				E50A386D12E234B8007C2101 /* GridCell.h */,
				E50A386E12E234B8007C2101 /* GridCell.m */,
				E50A386F12E234B8007C2101 /* Map.h */,
				E50A387012E234B8007C2101 /* Map.m */,
				E50A390F12E23715007C2101 /* Menu.h */,
				E50A391012E23715007C2101 /* Menu.m */,
				E50A387112E234B8007C2101 /* MenuCard.h */,
				E50A387212E234B8007C2101 /* MenuCard.m */,
				E50A387412E234B8007C2101 /* Order.h */,
				E50A387512E234B8007C2101 /* Order.m */,
				E50A387812E234B8007C2101 /* OrderGridHitInfo.h */,
				E50A387912E234B8007C2101 /* OrderGridHitInfo.m */,
				E50A387A12E234B8007C2101 /* OrderInfo.h */,
				E50A387B12E234B8007C2101 /* OrderInfo.m */,
				E50A387C12E234B8007C2101 /* OrderLine.h */,
				E50A387D12E234B8007C2101 /* OrderLine.m */,
				E50A387E12E234B8007C2101 /* OrderLineProperty.h */,
				E50A387F12E234B8007C2101 /* OrderLineProperty.m */,
				E50A388012E234B8007C2101 /* OrderLinePropertyValue.h */,
				E50A388112E234B8007C2101 /* OrderLinePropertyValue.m */,
				E50A388412E234B8007C2101 /* Product.h */,
				E50A388512E234B8007C2101 /* Product.m */,
				E50A388612E234B8007C2101 /* ProductCategory.h */,
				E50A388712E234B8007C2101 /* ProductCategory.m */,
				E50A388812E234B8007C2101 /* readme */,
				E50A388B12E234B8007C2101 /* Table.h */,
				E50A388C12E234B8007C2101 /* Table.m */,
				E50A390C12E236BE007C2101 /* TreeNode.h */,
				E50A390D12E236BE007C2101 /* TreeNode.m */,
				E534F41912F3418F006886C6 /* Course.h */,
				E534F41A12F3418F006886C6 /* Course.m */,
				E534F42012F34214006886C6 /* Guest.h */,
				E534F42112F34214006886C6 /* Guest.m */,
				E534F42312F46231006886C6 /* SeatInfo.h */,
				E534F42412F46231006886C6 /* SeatInfo.m */,
				E5DB12201307DEBC001B1681 /* EntityState.h */,
				E555BD3513081DC10097EB0A /* Reservation.h */,
				E555BD3613081DC10097EB0A /* Reservation.m */,
				E5E722E513116DFB00905959 /* Slot.h */,
				E5E722E613116DFB00905959 /* Slot.m */,
				E5015258131306E4007959F5 /* SlotDataSource.h */,
				E5015259131306E4007959F5 /* SlotDataSource.m */,
				E50152661315A25A007959F5 /* SlotTable.h */,
				E50152671315A25D007959F5 /* SlotTable.m */,
				E5DFC3CA13190A69005E1FA3 /* KitchenStatistics.h */,
				E5DFC3CB13190A69005E1FA3 /* KitchenStatistics.m */,
				E5AC3D77132263820090F743 /* InvoiceDataSource.h */,
				E5AC3D78132263830090F743 /* InvoiceDataSource.m */,
			);
			path = Models;
			sourceTree = "<group>";
		};
		E50A388D12E234B8007C2101 /* Resources */ = {
			isa = PBXGroup;
			children = (
				E50A388E12E234B8007C2101 /* Images */,
			);
			path = Resources;
			sourceTree = "<group>";
		};
		E50A388E12E234B8007C2101 /* Images */ = {
			isa = PBXGroup;
			children = (
				E5F0648E130D4F260037816B /* nl.png */,
				E5F06494130D4FB20037816B /* es.png */,
				E5F06496130D4FC50037816B /* it.png */,
				E5F06490130D4F7C0037816B /* de.png */,
				E5F06492130D4F8A0037816B /* fr.png */,
				E5DFC3C81318F083005E1FA3 /* koksmuts.png */,
				E5DFC3C41318E9AC005E1FA3 /* calendar.png */,
				E50A383E12E2193F007C2101 /* iTunesArtwork72.png */,
				E5D8DE3C12EADCEC00F4784B /* star.png */,
				E5C315EF12E381580044948F /* group.png */,
				E50A388F12E234B8007C2101 /* food.png */,
				E50A389012E234B8007C2101 /* fork-and-knife.png */,
				E50A389112E234B8007C2101 /* martini.png */,
				E50A389212E234B8007C2101 /* wine-bottle.png */,
				E50A389312E234B8007C2101 /* wine-glass.png */,
			);
			path = Images;
			sourceTree = "<group>";
		};
		E50A389412E234B8007C2101 /* TouchJson */ = {
			isa = PBXGroup;
			children = (
				E50A389512E234B8007C2101 /* CDataScanner.h */,
				E50A389612E234B8007C2101 /* CDataScanner.m */,
				E50A389712E234B8007C2101 /* Experimental */,
				E50A389A12E234B8007C2101 /* Extensions */,
				E50A38A312E234B8007C2101 /* JSON */,
			);
			path = TouchJson;
			sourceTree = "<group>";
		};
		E50A389712E234B8007C2101 /* Experimental */ = {
			isa = PBXGroup;
			children = (
				E50A389812E234B8007C2101 /* CExtensibleJSONDataSerializer.h */,
				E50A389912E234B8007C2101 /* CExtensibleJSONDataSerializer.m */,
			);
			path = Experimental;
			sourceTree = "<group>";
		};
		E50A389A12E234B8007C2101 /* Extensions */ = {
			isa = PBXGroup;
			children = (
				E50A389B12E234B8007C2101 /* CDataScanner_Extensions.h */,
				E50A389C12E234B8007C2101 /* CDataScanner_Extensions.m */,
				E50A389D12E234B8007C2101 /* NSCharacterSet_Extensions.h */,
				E50A389E12E234B8007C2101 /* NSCharacterSet_Extensions.m */,
				E50A389F12E234B8007C2101 /* NSDictionary_JSONExtensions.h */,
				E50A38A012E234B8007C2101 /* NSDictionary_JSONExtensions.m */,
				E50A38A112E234B8007C2101 /* NSScanner_Extensions.h */,
				E50A38A212E234B8007C2101 /* NSScanner_Extensions.m */,
			);
			path = Extensions;
			sourceTree = "<group>";
		};
		E50A38A312E234B8007C2101 /* JSON */ = {
			isa = PBXGroup;
			children = (
				E50A38A412E234B8007C2101 /* CJSONDataSerializer.h */,
				E50A38A512E234B8007C2101 /* CJSONDataSerializer.m */,
				E50A38A612E234B8007C2101 /* CJSONDeserializer.h */,
				E50A38A712E234B8007C2101 /* CJSONDeserializer.m */,
				E50A38A812E234B8007C2101 /* CJSONScanner.h */,
				E50A38A912E234B8007C2101 /* CJSONScanner.m */,
				E50A38AA12E234B8007C2101 /* CJSONSerializer.h */,
				E50A38AB12E234B8007C2101 /* CJSONSerializer.m */,
				E50A38AC12E234B8007C2101 /* CSerializedJSONData.h */,
				E50A38AD12E234B8007C2101 /* CSerializedJSONData.m */,
			);
			path = JSON;
			sourceTree = "<group>";
		};
		E50A38AE12E234B8007C2101 /* Views */ = {
			isa = PBXGroup;
			children = (
				E50A38AF12E234B8007C2101 /* CourseProgress.h */,
				E50A38B012E234B8007C2101 /* CourseProgress.m */,
				E50A38B112E234B8007C2101 /* NewOrderView.h */,
				E50A38B212E234B8007C2101 /* NewOrderView.m */,
				E50A38B312E234B8007C2101 /* OrderGridView.h */,
				E50A38B412E234B8007C2101 /* OrderGridView.m */,
				E50A38B512E234B8007C2101 /* OrderLineCell.h */,
				E50A38B612E234B8007C2101 /* OrderLineCell.m */,
				E50A38B712E234B8007C2101 /* OrderLineCell.xib */,
				E50A38B812E234B8007C2101 /* OrderTableCell.h */,
				E50A38B912E234B8007C2101 /* OrderTableCell.m */,
				E50A38BA12E234B8007C2101 /* OrderTableView.h */,
				E50A38BB12E234B8007C2101 /* OrderTableView.m */,
				E50A38BC12E234B8007C2101 /* ProductPanelView.h */,
				E50A38BD12E234B8007C2101 /* ProductPanelView.m */,
				E50A38BE12E234B8007C2101 /* Splitter.h */,
				E50A38BF12E234B8007C2101 /* Splitter.m */,
				E50A38C012E234B8007C2101 /* TableButton.h */,
				E50A38C112E234B8007C2101 /* TableButton.m */,
				E50A38C212E234B8007C2101 /* TableInfoView.h */,
				E50A38C312E234B8007C2101 /* TableInfoView.m */,
				E50A38C412E234B8007C2101 /* TableInfoView.xib */,
				E5557D2C12EC56C500CA547D /* ProductSymbol.h */,
				E5557D2D12EC56C500CA547D /* ProductSymbol.m */,
				E5E377B01309C4A100F93319 /* ReservationTableCell.h */,
				E5E377B11309C4A100F93319 /* ReservationTableCell.m */,
				E5E377B31309C4D000F93319 /* ReservationTableCell.xib */,
			);
			path = Views;
			sourceTree = "<group>";
		};
		E50A390812E236A7007C2101 /* Utils */ = {
			isa = PBXGroup;
			children = (
				E50A391C12E23E19007C2101 /* ModalAlert.h */,
				E50A391D12E23E19007C2101 /* ModalAlert.m */,
				E50A390912E236A7007C2101 /* Utils.h */,
				E50A390A12E236A7007C2101 /* Utils.m */,
			);
			path = Utils;
			sourceTree = "<group>";
		};
		E50A391212E23A43007C2101 /* Service */ = {
			isa = PBXGroup;
			children = (
				E50A391312E23A43007C2101 /* Service.h */,
				E50A391412E23A43007C2101 /* Service.m */,
				E50A391512E23A43007C2101 /* ServiceProtocol.h */,
				E50A391612E23A43007C2101 /* TestService.h */,
				E50A391712E23A43007C2101 /* TestService.m */,
			);
			path = Service;
			sourceTree = "<group>";
		};
/* End PBXGroup section */

/* Begin PBXNativeTarget section */
		E50A382112E21165007C2101 /* HarkPadTests */ = {
			isa = PBXNativeTarget;
			buildConfigurationList = E50A383512E21165007C2101 /* Build configuration list for PBXNativeTarget "HarkPadTests" */;
			buildPhases = (
				E50A381D12E21165007C2101 /* Sources */,
				E50A381E12E21165007C2101 /* Frameworks */,
				E50A381F12E21165007C2101 /* Resources */,
				E50A382012E21165007C2101 /* ShellScript */,
			);
			buildRules = (
			);
			dependencies = (
			);
			name = HarkPadTests;
			productName = HarkPadTests;
			productReference = E50A382212E21165007C2101 /* HarkPadTests.octest */;
			productType = "com.apple.product-type.bundle";
		};
		E5E722F31311A12C00905959 /* HarkPad */ = {
			isa = PBXNativeTarget;
			buildConfigurationList = E5E7234F1311A12C00905959 /* Build configuration list for PBXNativeTarget "HarkPad" */;
			buildPhases = (
				E5E722F41311A12C00905959 /* Sources */,
				E5E723301311A12C00905959 /* Frameworks */,
				E5E723351311A12C00905959 /* Resources */,
			);
			buildRules = (
			);
			dependencies = (
			);
			name = HarkPad;
			productName = HarkPad;
			productReference = E5E723521311A12C00905959 /* HarkPad.app */;
			productType = "com.apple.product-type.application";
		};
/* End PBXNativeTarget section */

/* Begin PBXProject section */
		E50A37F312E21163007C2101 /* Project object */ = {
			isa = PBXProject;
			attributes = {
				ORGANIZATIONNAME = "The Attic";
			};
			buildConfigurationList = E50A37F612E21163007C2101 /* Build configuration list for PBXProject "HarkPad" */;
			compatibilityVersion = "Xcode 3.2";
			developmentRegion = English;
			hasScannedForEncodings = 0;
			knownRegions = (
				en,
			);
			mainGroup = E50A37F112E21163007C2101;
			productRefGroup = E50A380112E21164007C2101 /* Products */;
			projectDirPath = "";
			projectRoot = "";
			targets = (
				E50A382112E21165007C2101 /* HarkPadTests */,
				E5E722F31311A12C00905959 /* HarkPad */,
			);
		};
/* End PBXProject section */

/* Begin PBXResourcesBuildPhase section */
		E50A381F12E21165007C2101 /* Resources */ = {
			isa = PBXResourcesBuildPhase;
			buildActionMask = 2147483647;
			files = (
				E50A382912E21165007C2101 /* InfoPlist.strings in Resources */,
				E50A382B12E21165007C2101 /* HarkPadTests.h in Resources */,
			);
			runOnlyForDeploymentPostprocessing = 0;
		};
		E5E723351311A12C00905959 /* Resources */ = {
			isa = PBXResourcesBuildPhase;
			buildActionMask = 2147483647;
			files = (
				E5E723361311A12C00905959 /* InfoPlist.strings in Resources */,
				E5E723371311A12C00905959 /* MainWindow.xib in Resources */,
				E5E723381311A12C00905959 /* iTunesArtwork72.png in Resources */,
				E5E723391311A12C00905959 /* NewOrderVC.xib in Resources */,
				E5E7233A1311A12C00905959 /* OrderLineDetailViewController.xib in Resources */,
				E5E7233B1311A12C00905959 /* TableMapViewController.xib in Resources */,
				E5E7233C1311A12C00905959 /* readme in Resources */,
				E5E7233D1311A12C00905959 /* food.png in Resources */,
				E5E7233E1311A12C00905959 /* fork-and-knife.png in Resources */,
				E5E7233F1311A12C00905959 /* martini.png in Resources */,
				E5E723401311A12C00905959 /* wine-bottle.png in Resources */,
				E5E723411311A12C00905959 /* wine-glass.png in Resources */,
				E5E723421311A12C00905959 /* OrderLineCell.xib in Resources */,
				E5E723431311A12C00905959 /* TableInfoView.xib in Resources */,
				E5E723441311A12C00905959 /* group.png in Resources */,
				E5E723451311A12C00905959 /* star.png in Resources */,
				E5E723461311A12C00905959 /* ReservationTableCell.xib in Resources */,
				E5E723471311A12C00905959 /* nl.png in Resources */,
				E5E723481311A12C00905959 /* de.png in Resources */,
				E5E723491311A12C00905959 /* fr.png in Resources */,
				E5E7234A1311A12C00905959 /* es.png in Resources */,
				E5E7234B1311A12C00905959 /* it.png in Resources */,
				E5E7234C1311A12C00905959 /* Default-Portrait~ipad.png in Resources */,
				E5E7234D1311A12C00905959 /* Default-Landscape~ipad.png in Resources */,
				E5E7234E1311A12C00905959 /* ChefViewController.xib in Resources */,
				E5DFC3C51318E9AC005E1FA3 /* calendar.png in Resources */,
				E5DFC3C91318F083005E1FA3 /* koksmuts.png in Resources */,
				E5AC3D76132256470090F743 /* PaymentViewController.xib in Resources */,
			);
			runOnlyForDeploymentPostprocessing = 0;
		};
/* End PBXResourcesBuildPhase section */

/* Begin PBXShellScriptBuildPhase section */
		E50A382012E21165007C2101 /* ShellScript */ = {
			isa = PBXShellScriptBuildPhase;
			buildActionMask = 2147483647;
			files = (
			);
			inputPaths = (
			);
			outputPaths = (
			);
			runOnlyForDeploymentPostprocessing = 0;
			shellPath = /bin/sh;
			shellScript = "# Run the unit tests in this test bundle.\n\"${SYSTEM_DEVELOPER_DIR}/Tools/RunUnitTests\"\n";
		};
/* End PBXShellScriptBuildPhase section */

/* Begin PBXSourcesBuildPhase section */
		E50A381D12E21165007C2101 /* Sources */ = {
			isa = PBXSourcesBuildPhase;
			buildActionMask = 2147483647;
			files = (
				E50A382D12E21165007C2101 /* HarkPadTests.m in Sources */,
			);
			runOnlyForDeploymentPostprocessing = 0;
		};
		E5E722F41311A12C00905959 /* Sources */ = {
			isa = PBXSourcesBuildPhase;
			buildActionMask = 2147483647;
			files = (
				E5E722F51311A12C00905959 /* HarkPad-main.m in Sources */,
				E5E722F61311A12C00905959 /* HarkPadAppDelegate.m in Sources */,
				E5E722F71311A12C00905959 /* NewOrderVC.m in Sources */,
				E5E722F81311A12C00905959 /* OrderLineDetailViewController.m in Sources */,
				E5E722F91311A12C00905959 /* PropertyOptionViewController.m in Sources */,
				E5E722FA1311A12C00905959 /* TablePopupMenu.m in Sources */,
				E5E722FB1311A12C00905959 /* TableMapViewController.m in Sources */,
				E5E722FC1311A12C00905959 /* Cache.m in Sources */,
				E5E722FD1311A12C00905959 /* District.m in Sources */,
				E5E722FE1311A12C00905959 /* DragNode.m in Sources */,
				E5E722FF1311A12C00905959 /* GridCell.m in Sources */,
				E5E723001311A12C00905959 /* Map.m in Sources */,
				E5E723011311A12C00905959 /* MenuCard.m in Sources */,
				E5E723021311A12C00905959 /* Order.m in Sources */,
				E5E723031311A12C00905959 /* OrderGridHitInfo.m in Sources */,
				E5E723041311A12C00905959 /* OrderInfo.m in Sources */,
				E5E723051311A12C00905959 /* OrderLine.m in Sources */,
				E5E723061311A12C00905959 /* OrderLineProperty.m in Sources */,
				E5E723071311A12C00905959 /* OrderLinePropertyValue.m in Sources */,
				E5E723081311A12C00905959 /* Product.m in Sources */,
				E5E723091311A12C00905959 /* ProductCategory.m in Sources */,
				E5E7230A1311A12C00905959 /* Table.m in Sources */,
				E5E7230B1311A12C00905959 /* CDataScanner.m in Sources */,
				E5E7230C1311A12C00905959 /* CExtensibleJSONDataSerializer.m in Sources */,
				E5E7230D1311A12C00905959 /* CDataScanner_Extensions.m in Sources */,
				E5E7230E1311A12C00905959 /* NSCharacterSet_Extensions.m in Sources */,
				E5E7230F1311A12C00905959 /* NSDictionary_JSONExtensions.m in Sources */,
				E5E723101311A12C00905959 /* NSScanner_Extensions.m in Sources */,
				E5E723111311A12C00905959 /* CJSONDataSerializer.m in Sources */,
				E5E723121311A12C00905959 /* CJSONDeserializer.m in Sources */,
				E5E723131311A12C00905959 /* CJSONScanner.m in Sources */,
				E5E723141311A12C00905959 /* CJSONSerializer.m in Sources */,
				E5E723151311A12C00905959 /* CSerializedJSONData.m in Sources */,
				E5E723161311A12C00905959 /* CourseProgress.m in Sources */,
				E5E723171311A12C00905959 /* NewOrderView.m in Sources */,
				E5E723181311A12C00905959 /* OrderGridView.m in Sources */,
				E5E723191311A12C00905959 /* OrderLineCell.m in Sources */,
				E5E7231A1311A12C00905959 /* OrderTableCell.m in Sources */,
				E5E7231B1311A12C00905959 /* OrderTableView.m in Sources */,
				E5E7231C1311A12C00905959 /* ProductPanelView.m in Sources */,
				E5E7231D1311A12C00905959 /* Splitter.m in Sources */,
				E5E7231E1311A12C00905959 /* TableButton.m in Sources */,
				E5E7231F1311A12C00905959 /* TableInfoView.m in Sources */,
				E5E723201311A12C00905959 /* Utils.m in Sources */,
				E5E723211311A12C00905959 /* TreeNode.m in Sources */,
				E5E723221311A12C00905959 /* Menu.m in Sources */,
				E5E723231311A12C00905959 /* Service.m in Sources */,
				E5E723241311A12C00905959 /* TestService.m in Sources */,
				E5E723251311A12C00905959 /* MenuItem.m in Sources */,
				E5E723261311A12C00905959 /* ModalAlert.m in Sources */,
				E5E723271311A12C00905959 /* ProductSymbol.m in Sources */,
				E5E723281311A12C00905959 /* Course.m in Sources */,
				E5E723291311A12C00905959 /* Guest.m in Sources */,
				E5E7232A1311A12C00905959 /* SeatInfo.m in Sources */,
				E5E7232B1311A12C00905959 /* Reservation.m in Sources */,
				E5E7232C1311A12C00905959 /* ReservationsTableViewController.m in Sources */,
				E5E7232D1311A12C00905959 /* ReservationTableCell.m in Sources */,
				E5E7232E1311A12C00905959 /* Slot.m in Sources */,
				E5E7232F1311A12C00905959 /* ChefViewController.m in Sources */,
				E501526513144EB5007959F5 /* SlotDataSource.m in Sources */,
				E50152681315A26B007959F5 /* SlotTable.m in Sources */,
				E5DFC3CC13190A69005E1FA3 /* KitchenStatistics.m in Sources */,
				E5AC3D75132256410090F743 /* PaymentViewController.m in Sources */,
				E5AC3D79132263870090F743 /* InvoiceDataSource.m in Sources */,
			);
			runOnlyForDeploymentPostprocessing = 0;
		};
/* End PBXSourcesBuildPhase section */

/* Begin PBXVariantGroup section */
		E50A380B12E21164007C2101 /* InfoPlist.strings */ = {
			isa = PBXVariantGroup;
			children = (
				E50A380C12E21164007C2101 /* en */,
			);
			name = InfoPlist.strings;
			sourceTree = "<group>";
		};
		E50A381312E21164007C2101 /* MainWindow.xib */ = {
			isa = PBXVariantGroup;
			children = (
				E50A381412E21164007C2101 /* en */,
			);
			name = MainWindow.xib;
			sourceTree = "<group>";
		};
/* End PBXVariantGroup section */

/* Begin XCBuildConfiguration section */
		E50A382E12E21165007C2101 /* Debug */ = {
			isa = XCBuildConfiguration;
			buildSettings = {
				ARCHS = "$(ARCHS_UNIVERSAL_IPHONE_OS)";
				"CODE_SIGN_IDENTITY[sdk=iphoneos*]" = "iPhone Developer";
				GCC_C_LANGUAGE_STANDARD = gnu99;
				GCC_OPTIMIZATION_LEVEL = 0;
				GCC_PREPROCESSOR_DEFINITIONS = DEBUG;
				GCC_WARN_ABOUT_RETURN_TYPE = YES;
				GCC_WARN_UNUSED_VARIABLE = YES;
				IPHONEOS_DEPLOYMENT_TARGET = 4.2;
				PREBINDING = NO;
				SDKROOT = iphoneos;
				TARGETED_DEVICE_FAMILY = 2;
			};
			name = Debug;
		};
		E50A382F12E21165007C2101 /* Release */ = {
			isa = XCBuildConfiguration;
			buildSettings = {
				ARCHS = "$(ARCHS_UNIVERSAL_IPHONE_OS)";
				"CODE_SIGN_IDENTITY[sdk=iphoneos*]" = "iPhone Developer";
				GCC_C_LANGUAGE_STANDARD = gnu99;
				GCC_WARN_ABOUT_RETURN_TYPE = YES;
				GCC_WARN_UNUSED_VARIABLE = YES;
				IPHONEOS_DEPLOYMENT_TARGET = 4.2;
				OTHER_CFLAGS = "-DNS_BLOCK_ASSERTIONS=1";
				PREBINDING = NO;
				SDKROOT = iphoneos;
				TARGETED_DEVICE_FAMILY = 2;
			};
			name = Release;
		};
		E50A383012E21165007C2101 /* Debug */ = {
			isa = XCBuildConfiguration;
			buildSettings = {
			};
			name = Debug;
		};
		E50A383112E21165007C2101 /* Release */ = {
			isa = XCBuildConfiguration;
			buildSettings = {
			};
			name = Release;
		};
		E50A383612E21165007C2101 /* Debug */ = {
			isa = XCBuildConfiguration;
			buildSettings = {
				ALWAYS_SEARCH_USER_PATHS = NO;
				ARCHS = "$(ARCHS_STANDARD_32_BIT)";
				FRAMEWORK_SEARCH_PATHS = (
					"$(SDKROOT)/Developer/Library/Frameworks",
					"$(DEVELOPER_LIBRARY_DIR)/Frameworks",
				);
				GCC_PRECOMPILE_PREFIX_HEADER = YES;
				GCC_PREFIX_HEADER = "HarkPadTests-Prefix.pch";
				INFOPLIST_FILE = "HarkPadTests-Info.plist";
				IPHONEOS_DEPLOYMENT_TARGET = 4.2;
				OTHER_LDFLAGS = (
					"-framework",
					SenTestingKit,
				);
				PRODUCT_NAME = "$(TARGET_NAME)";
				WRAPPER_EXTENSION = octest;
			};
			name = Debug;
		};
		E50A383712E21165007C2101 /* Release */ = {
			isa = XCBuildConfiguration;
			buildSettings = {
				ALWAYS_SEARCH_USER_PATHS = NO;
				ARCHS = "$(ARCHS_STANDARD_32_BIT)";
				FRAMEWORK_SEARCH_PATHS = (
					"$(SDKROOT)/Developer/Library/Frameworks",
					"$(DEVELOPER_LIBRARY_DIR)/Frameworks",
				);
				GCC_PRECOMPILE_PREFIX_HEADER = YES;
				GCC_PREFIX_HEADER = "HarkPadTests-Prefix.pch";
				INFOPLIST_FILE = "HarkPadTests-Info.plist";
				IPHONEOS_DEPLOYMENT_TARGET = 4.2;
				OTHER_LDFLAGS = (
					"-framework",
					SenTestingKit,
				);
				PRODUCT_NAME = "$(TARGET_NAME)";
				WRAPPER_EXTENSION = octest;
			};
			name = Release;
		};
		E50A383812E21165007C2101 /* Debug */ = {
			isa = XCBuildConfiguration;
			buildSettings = {
				COPY_PHASE_STRIP = NO;
				GCC_DYNAMIC_NO_PIC = NO;
				GCC_OPTIMIZATION_LEVEL = 0;
				PRODUCT_NAME = HarkPadTests;
			};
			name = Debug;
		};
		E50A383912E21165007C2101 /* Release */ = {
			isa = XCBuildConfiguration;
			buildSettings = {
				COPY_PHASE_STRIP = YES;
				DEBUG_INFORMATION_FORMAT = "dwarf-with-dsym";
				PRODUCT_NAME = HarkPadTests;
			};
			name = Release;
		};
		E5E723501311A12C00905959 /* Debug */ = {
			isa = XCBuildConfiguration;
			buildSettings = {
				ALWAYS_SEARCH_USER_PATHS = NO;
				COPY_PHASE_STRIP = NO;
				GCC_DYNAMIC_NO_PIC = NO;
				GCC_PRECOMPILE_PREFIX_HEADER = YES;
				GCC_PREFIX_HEADER = "HarkPad-Prefix.pch";
				INFOPLIST_FILE = "HarkPad-Info.plist";
				PRODUCT_NAME = "$(TARGET_NAME)";
				WRAPPER_EXTENSION = app;
			};
			name = Debug;
		};
		E5E723511311A12C00905959 /* Release */ = {
			isa = XCBuildConfiguration;
			buildSettings = {
				ALWAYS_SEARCH_USER_PATHS = NO;
				COPY_PHASE_STRIP = YES;
				GCC_PRECOMPILE_PREFIX_HEADER = YES;
				GCC_PREFIX_HEADER = "HarkPad-Prefix.pch";
				INFOPLIST_FILE = "HarkPad-Info.plist";
				PRODUCT_NAME = "$(TARGET_NAME)";
				VALIDATE_PRODUCT = YES;
				WRAPPER_EXTENSION = app;
			};
			name = Release;
		};
/* End XCBuildConfiguration section */

/* Begin XCConfigurationList section */
		E50A37F612E21163007C2101 /* Build configuration list for PBXProject "HarkPad" */ = {
			isa = XCConfigurationList;
			buildConfigurations = (
				E50A382E12E21165007C2101 /* Debug */,
				E50A382F12E21165007C2101 /* Release */,
				E50A383012E21165007C2101 /* Debug */,
				E50A383112E21165007C2101 /* Release */,
			);
			defaultConfigurationIsVisible = 0;
			defaultConfigurationName = Debug;
		};
		E50A383512E21165007C2101 /* Build configuration list for PBXNativeTarget "HarkPadTests" */ = {
			isa = XCConfigurationList;
			buildConfigurations = (
				E50A383612E21165007C2101 /* Debug */,
				E50A383712E21165007C2101 /* Release */,
				E50A383812E21165007C2101 /* Debug */,
				E50A383912E21165007C2101 /* Release */,
			);
			defaultConfigurationIsVisible = 0;
			defaultConfigurationName = Debug;
		};
		E5E7234F1311A12C00905959 /* Build configuration list for PBXNativeTarget "HarkPad" */ = {
			isa = XCConfigurationList;
			buildConfigurations = (
				E5E723501311A12C00905959 /* Debug */,
				E5E723511311A12C00905959 /* Release */,
			);
			defaultConfigurationIsVisible = 0;
			defaultConfigurationName = Debug;
		};
/* End XCConfigurationList section */
	};
	rootObject = E50A37F312E21163007C2101 /* Project object */;
}
